
Microsoft Visual Studio Solution File, Format Version 12.00
# Visual Studio 15
VisualStudioVersion = 15.0.28307.705
MinimumVisualStudioVersion = 10.0.40219.1
Project("{FAE04EC0-301F-11D3-BF4B-00C04F79EFBC}") = "VOD.UI", "VOD.UI\VOD.UI.csproj", "{D1CCBA2F-BA39-4635-AAC2-301CC0D86EAF}"
EndProject
Project("{FAE04EC0-301F-11D3-BF4B-00C04F79EFBC}") = "VOD.Common", "VOD.Common\VOD.Common.csproj", "{5B354993-3FC7-43D0-ACCB-05BA95E2143C}"
EndProject
Project("{FAE04EC0-301F-11D3-BF4B-00C04F79EFBC}") = "VOD.Database", "VOD.Database\VOD.Database.csproj", "{7E096EE2-F3EA-4F46-A902-13A3079EF767}"
EndProject
Global
	GlobalSection(SolutionConfigurationPlatforms) = preSolution
		Debug|Any CPU = Debug|Any CPU
		Release|Any CPU = Release|Any CPU
	EndGlobalSection
	GlobalSection(ProjectConfigurationPlatforms) = postSolution
		{D1CCBA2F-BA39-4635-AAC2-301CC0D86EAF}.Debug|Any CPU.ActiveCfg = Debug|Any CPU
		{D1CCBA2F-BA39-4635-AAC2-301CC0D86EAF}.Debug|Any CPU.Build.0 = Debug|Any CPU
		{D1CCBA2F-BA39-4635-AAC2-301CC0D86EAF}.Release|Any CPU.ActiveCfg = Release|Any CPU
		{D1CCBA2F-BA39-4635-AAC2-301CC0D86EAF}.Release|Any CPU.Build.0 = Release|Any CPU
		{5B354993-3FC7-43D0-ACCB-05BA95E2143C}.Debug|Any CPU.ActiveCfg = Debug|Any CPU
		{5B354993-3FC7-43D0-ACCB-05BA95E2143C}.Debug|Any CPU.Build.0 = Debug|Any CPU
		{5B354993-3FC7-43D0-ACCB-05BA95E2143C}.Release|Any CPU.ActiveCfg = Release|Any CPU
		{5B354993-3FC7-43D0-ACCB-05BA95E2143C}.Release|Any CPU.Build.0 = Release|Any CPU
		{7E096EE2-F3EA-4F46-A902-13A3079EF767}.Debug|Any CPU.ActiveCfg = Debug|Any CPU
		{7E096EE2-F3EA-4F46-A902-13A3079EF767}.Debug|Any CPU.Build.0 = Debug|Any CPU
		{7E096EE2-F3EA-4F46-A902-13A3079EF767}.Release|Any CPU.ActiveCfg = Release|Any CPU
		{7E096EE2-F3EA-4F46-A902-13A3079EF767}.Release|Any CPU.Build.0 = Release|Any CPU
	EndGlobalSection
	GlobalSection(SolutionProperties) = preSolution
		HideSolutionNode = FALSE
	EndGlobalSection
	GlobalSection(ExtensibilityGlobals) = postSolution
		SolutionGuid = {88B01C09-8FA1-4831-B086-AB57CF4BAD3A}
	EndGlobalSection
EndGlobal
